// !$*UTF8*$!
{
	archiveVersion = 1;
	classes = {
	};
	objectVersion = 56;
	objects = {

/* Begin PBXBuildFile section */
		761DAE1B2C0AAC5800184819 /* AppDelegate.swift in Sources */ = {isa = PBXBuildFile; fileRef = 761DAE1A2C0AAC5800184819 /* AppDelegate.swift */; };
		761DAE1D2C0AAC5800184819 /* ViewController.swift in Sources */ = {isa = PBXBuildFile; fileRef = 761DAE1C2C0AAC5800184819 /* ViewController.swift */; };
		761DAE1F2C0AAC5A00184819 /* Assets.xcassets in Resources */ = {isa = PBXBuildFile; fileRef = 761DAE1E2C0AAC5A00184819 /* Assets.xcassets */; };
		761DAE222C0AAC5A00184819 /* Main.storyboard in Resources */ = {isa = PBXBuildFile; fileRef = 761DAE202C0AAC5A00184819 /* Main.storyboard */; };
		761DAE2B2C0B8DB900184819 /* USBDeviceSwift in Frameworks */ = {isa = PBXBuildFile; productRef = 761DAE2A2C0B8DB900184819 /* USBDeviceSwift */; };
		761DAE2E2C0B8FE300184819 /* AppleDevice.swift in Sources */ = {isa = PBXBuildFile; fileRef = 761DAE2D2C0B8FE300184819 /* AppleDevice.swift */; };
		761DAE302C0BBFBD00184819 /* DfuDevice.swift in Sources */ = {isa = PBXBuildFile; fileRef = 761DAE2F2C0BBFBD00184819 /* DfuDevice.swift */; };
		761DAE332C0BF34F00184819 /* Exploit.swift in Sources */ = {isa = PBXBuildFile; fileRef = 761DAE322C0BF34F00184819 /* Exploit.swift */; };
		761DAE352C0CD8CB00184819 /* ExploitConfig.swift in Sources */ = {isa = PBXBuildFile; fileRef = 761DAE342C0CD8CB00184819 /* ExploitConfig.swift */; };
		761DAE3D2C0CFF8700184819 /* StringProtocol+Queen.swift in Sources */ = {isa = PBXBuildFile; fileRef = 761DAE3C2C0CFF8700184819 /* StringProtocol+Queen.swift */; };
		761DAE432C0F89DB00184819 /* ibss-flash-nor-shellcode.bin in Resources */ = {isa = PBXBuildFile; fileRef = 761DAE422C0F89DB00184819 /* ibss-flash-nor-shellcode.bin */; };
		761DAE502C0F8A1900184819 /* usb_0xA1_2_arm64.bin in Resources */ = {isa = PBXBuildFile; fileRef = 761DAE442C0F8A1700184819 /* usb_0xA1_2_arm64.bin */; };
		761DAE512C0F8A1900184819 /* checkm8_arm64.bin in Resources */ = {isa = PBXBuildFile; fileRef = 761DAE452C0F8A1700184819 /* checkm8_arm64.bin */; };
		761DAE522C0F8A1900184819 /* checkm8_armv7.bin in Resources */ = {isa = PBXBuildFile; fileRef = 761DAE462C0F8A1700184819 /* checkm8_armv7.bin */; };
		761DAE532C0F8A1900184819 /* SHAtter-shellcode.bin in Resources */ = {isa = PBXBuildFile; fileRef = 761DAE472C0F8A1800184819 /* SHAtter-shellcode.bin */; };
		761DAE542C0F8A1900184819 /* 24Kpwn-shellcode.bin in Resources */ = {isa = PBXBuildFile; fileRef = 761DAE482C0F8A1800184819 /* 24Kpwn-shellcode.bin */; };
		761DAE552C0F8A1900184819 /* t8010_t8011_disable_wxn_arm64.bin in Resources */ = {isa = PBXBuildFile; fileRef = 761DAE492C0F8A1800184819 /* t8010_t8011_disable_wxn_arm64.bin */; };
		761DAE562C0F8A1900184819 /* t8015_shellcode_arm64.bin in Resources */ = {isa = PBXBuildFile; fileRef = 761DAE4A2C0F8A1800184819 /* t8015_shellcode_arm64.bin */; };
		761DAE572C0F8A1900184819 /* usb_0xA1_2_armv7.bin in Resources */ = {isa = PBXBuildFile; fileRef = 761DAE4B2C0F8A1800184819 /* usb_0xA1_2_armv7.bin */; };
		761DAE582C0F8A1900184819 /* alloc8-shellcode.bin in Resources */ = {isa = PBXBuildFile; fileRef = 761DAE4C2C0F8A1800184819 /* alloc8-shellcode.bin */; };
		761DAE592C0F8A1900184819 /* 0x8015.bin in Resources */ = {isa = PBXBuildFile; fileRef = 761DAE4D2C0F8A1800184819 /* 0x8015.bin */; };
		761DAE5A2C0F8A1900184819 /* limera1n-shellcode.bin in Resources */ = {isa = PBXBuildFile; fileRef = 761DAE4E2C0F8A1800184819 /* limera1n-shellcode.bin */; };
		761DAE5B2C0F8A1900184819 /* steaks4uce-shellcode.bin in Resources */ = {isa = PBXBuildFile; fileRef = 761DAE4F2C0F8A1800184819 /* steaks4uce-shellcode.bin */; };
		761DAE632C0FDAF000184819 /* Queen_IOKitTests.swift in Sources */ = {isa = PBXBuildFile; fileRef = 761DAE622C0FDAF000184819 /* Queen_IOKitTests.swift */; };
/* End PBXBuildFile section */

/* Begin PBXContainerItemProxy section */
		761DAE642C0FDAF000184819 /* PBXContainerItemProxy */ = {
			isa = PBXContainerItemProxy;
			containerPortal = 761DAE0F2C0AAC5800184819 /* Project object */;
			proxyType = 1;
			remoteGlobalIDString = 761DAE162C0AAC5800184819;
			remoteInfo = "Queen-IOKit";
		};
/* End PBXContainerItemProxy section */

/* Begin PBXFileReference section */
		761DAE172C0AAC5800184819 /* Queen-IOKit.app */ = {isa = PBXFileReference; explicitFileType = wrapper.application; includeInIndex = 0; path = "Queen-IOKit.app"; sourceTree = BUILT_PRODUCTS_DIR; };
		761DAE1A2C0AAC5800184819 /* AppDelegate.swift */ = {isa = PBXFileReference; lastKnownFileType = sourcecode.swift; path = AppDelegate.swift; sourceTree = "<group>"; };
		761DAE1C2C0AAC5800184819 /* ViewController.swift */ = {isa = PBXFileReference; lastKnownFileType = sourcecode.swift; path = ViewController.swift; sourceTree = "<group>"; };
		761DAE1E2C0AAC5A00184819 /* Assets.xcassets */ = {isa = PBXFileReference; lastKnownFileType = folder.assetcatalog; path = Assets.xcassets; sourceTree = "<group>"; };
		761DAE212C0AAC5A00184819 /* Base */ = {isa = PBXFileReference; lastKnownFileType = file.storyboard; name = Base; path = Base.lproj/Main.storyboard; sourceTree = "<group>"; };
		761DAE232C0AAC5A00184819 /* Queen_IOKit.entitlements */ = {isa = PBXFileReference; lastKnownFileType = text.plist.entitlements; path = Queen_IOKit.entitlements; sourceTree = "<group>"; };
		761DAE2D2C0B8FE300184819 /* AppleDevice.swift */ = {isa = PBXFileReference; lastKnownFileType = sourcecode.swift; path = AppleDevice.swift; sourceTree = "<group>"; };
		761DAE2F2C0BBFBD00184819 /* DfuDevice.swift */ = {isa = PBXFileReference; lastKnownFileType = sourcecode.swift; path = DfuDevice.swift; sourceTree = "<group>"; };
		761DAE322C0BF34F00184819 /* Exploit.swift */ = {isa = PBXFileReference; lastKnownFileType = sourcecode.swift; path = Exploit.swift; sourceTree = "<group>"; };
		761DAE342C0CD8CB00184819 /* ExploitConfig.swift */ = {isa = PBXFileReference; lastKnownFileType = sourcecode.swift; path = ExploitConfig.swift; sourceTree = "<group>"; };
		761DAE3C2C0CFF8700184819 /* StringProtocol+Queen.swift */ = {isa = PBXFileReference; lastKnownFileType = sourcecode.swift; path = "StringProtocol+Queen.swift"; sourceTree = "<group>"; };
		761DAE422C0F89DB00184819 /* ibss-flash-nor-shellcode.bin */ = {isa = PBXFileReference; lastKnownFileType = archive.macbinary; path = "ibss-flash-nor-shellcode.bin"; sourceTree = "<group>"; };
		761DAE442C0F8A1700184819 /* usb_0xA1_2_arm64.bin */ = {isa = PBXFileReference; lastKnownFileType = archive.macbinary; path = usb_0xA1_2_arm64.bin; sourceTree = "<group>"; };
		761DAE452C0F8A1700184819 /* checkm8_arm64.bin */ = {isa = PBXFileReference; lastKnownFileType = archive.macbinary; path = checkm8_arm64.bin; sourceTree = "<group>"; };
		761DAE462C0F8A1700184819 /* checkm8_armv7.bin */ = {isa = PBXFileReference; lastKnownFileType = archive.macbinary; path = checkm8_armv7.bin; sourceTree = "<group>"; };
		761DAE472C0F8A1800184819 /* SHAtter-shellcode.bin */ = {isa = PBXFileReference; lastKnownFileType = archive.macbinary; path = "SHAtter-shellcode.bin"; sourceTree = "<group>"; };
		761DAE482C0F8A1800184819 /* 24Kpwn-shellcode.bin */ = {isa = PBXFileReference; lastKnownFileType = archive.macbinary; path = "24Kpwn-shellcode.bin"; sourceTree = "<group>"; };
		761DAE492C0F8A1800184819 /* t8010_t8011_disable_wxn_arm64.bin */ = {isa = PBXFileReference; lastKnownFileType = archive.macbinary; path = t8010_t8011_disable_wxn_arm64.bin; sourceTree = "<group>"; };
		761DAE4A2C0F8A1800184819 /* t8015_shellcode_arm64.bin */ = {isa = PBXFileReference; lastKnownFileType = archive.macbinary; path = t8015_shellcode_arm64.bin; sourceTree = "<group>"; };
		761DAE4B2C0F8A1800184819 /* usb_0xA1_2_armv7.bin */ = {isa = PBXFileReference; lastKnownFileType = archive.macbinary; path = usb_0xA1_2_armv7.bin; sourceTree = "<group>"; };
		761DAE4C2C0F8A1800184819 /* alloc8-shellcode.bin */ = {isa = PBXFileReference; lastKnownFileType = archive.macbinary; path = "alloc8-shellcode.bin"; sourceTree = "<group>"; };
		761DAE4D2C0F8A1800184819 /* 0x8015.bin */ = {isa = PBXFileReference; lastKnownFileType = archive.macbinary; path = 0x8015.bin; sourceTree = "<group>"; };
		761DAE4E2C0F8A1800184819 /* limera1n-shellcode.bin */ = {isa = PBXFileReference; lastKnownFileType = archive.macbinary; path = "limera1n-shellcode.bin"; sourceTree = "<group>"; };
		761DAE4F2C0F8A1800184819 /* steaks4uce-shellcode.bin */ = {isa = PBXFileReference; lastKnownFileType = archive.macbinary; path = "steaks4uce-shellcode.bin"; sourceTree = "<group>"; };
		761DAE602C0FDAEF00184819 /* Queen-IOKitTests.xctest */ = {isa = PBXFileReference; explicitFileType = wrapper.cfbundle; includeInIndex = 0; path = "Queen-IOKitTests.xctest"; sourceTree = BUILT_PRODUCTS_DIR; };
		761DAE622C0FDAF000184819 /* Queen_IOKitTests.swift */ = {isa = PBXFileReference; lastKnownFileType = sourcecode.swift; path = Queen_IOKitTests.swift; sourceTree = "<group>"; };
/* End PBXFileReference section */

/* Begin PBXFrameworksBuildPhase section */
		761DAE142C0AAC5800184819 /* Frameworks */ = {
			isa = PBXFrameworksBuildPhase;
			buildActionMask = 2147483647;
			files = (
				761DAE2B2C0B8DB900184819 /* USBDeviceSwift in Frameworks */,
			);
			runOnlyForDeploymentPostprocessing = 0;
		};
		761DAE5D2C0FDAEF00184819 /* Frameworks */ = {
			isa = PBXFrameworksBuildPhase;
			buildActionMask = 2147483647;
			files = (
			);
			runOnlyForDeploymentPostprocessing = 0;
		};
/* End PBXFrameworksBuildPhase section */

/* Begin PBXGroup section */
		761DAE0E2C0AAC5800184819 = {
			isa = PBXGroup;
			children = (
				761DAE192C0AAC5800184819 /* Queen-IOKit */,
				761DAE612C0FDAF000184819 /* Queen-IOKitTests */,
				761DAE182C0AAC5800184819 /* Products */,
			);
			sourceTree = "<group>";
		};
		761DAE182C0AAC5800184819 /* Products */ = {
			isa = PBXGroup;
			children = (
				761DAE172C0AAC5800184819 /* Queen-IOKit.app */,
				761DAE602C0FDAEF00184819 /* Queen-IOKitTests.xctest */,
			);
			name = Products;
			sourceTree = "<group>";
		};
		761DAE192C0AAC5800184819 /* Queen-IOKit */ = {
			isa = PBXGroup;
			children = (
				761DAE412C0F895B00184819 /* Bin */,
				761DAE3B2C0CFF7300184819 /* Util */,
				761DAE312C0BF31F00184819 /* Exploit */,
				761DAE2C2C0B8FCD00184819 /* Usb */,
				761DAE1A2C0AAC5800184819 /* AppDelegate.swift */,
				761DAE1C2C0AAC5800184819 /* ViewController.swift */,
				761DAE1E2C0AAC5A00184819 /* Assets.xcassets */,
				761DAE202C0AAC5A00184819 /* Main.storyboard */,
				761DAE232C0AAC5A00184819 /* Queen_IOKit.entitlements */,
			);
			path = "Queen-IOKit";
			sourceTree = "<group>";
		};
		761DAE2C2C0B8FCD00184819 /* Usb */ = {
			isa = PBXGroup;
			children = (
				761DAE2D2C0B8FE300184819 /* AppleDevice.swift */,
				761DAE2F2C0BBFBD00184819 /* DfuDevice.swift */,
			);
			path = Usb;
			sourceTree = "<group>";
		};
		761DAE312C0BF31F00184819 /* Exploit */ = {
			isa = PBXGroup;
			children = (
				761DAE322C0BF34F00184819 /* Exploit.swift */,
				761DAE342C0CD8CB00184819 /* ExploitConfig.swift */,
			);
			path = Exploit;
			sourceTree = "<group>";
		};
		761DAE3B2C0CFF7300184819 /* Util */ = {
			isa = PBXGroup;
			children = (
				761DAE3C2C0CFF8700184819 /* StringProtocol+Queen.swift */,
			);
			path = Util;
			sourceTree = "<group>";
		};
		761DAE412C0F895B00184819 /* Bin */ = {
			isa = PBXGroup;
			children = (
				761DAE4D2C0F8A1800184819 /* 0x8015.bin */,
				761DAE482C0F8A1800184819 /* 24Kpwn-shellcode.bin */,
				761DAE4C2C0F8A1800184819 /* alloc8-shellcode.bin */,
				761DAE452C0F8A1700184819 /* checkm8_arm64.bin */,
				761DAE462C0F8A1700184819 /* checkm8_armv7.bin */,
				761DAE4E2C0F8A1800184819 /* limera1n-shellcode.bin */,
				761DAE472C0F8A1800184819 /* SHAtter-shellcode.bin */,
				761DAE4F2C0F8A1800184819 /* steaks4uce-shellcode.bin */,
				761DAE492C0F8A1800184819 /* t8010_t8011_disable_wxn_arm64.bin */,
				761DAE4A2C0F8A1800184819 /* t8015_shellcode_arm64.bin */,
				761DAE442C0F8A1700184819 /* usb_0xA1_2_arm64.bin */,
				761DAE4B2C0F8A1800184819 /* usb_0xA1_2_armv7.bin */,
				761DAE422C0F89DB00184819 /* ibss-flash-nor-shellcode.bin */,
			);
			path = Bin;
			sourceTree = "<group>";
		};
		761DAE612C0FDAF000184819 /* Queen-IOKitTests */ = {
			isa = PBXGroup;
			children = (
				761DAE622C0FDAF000184819 /* Queen_IOKitTests.swift */,
			);
			path = "Queen-IOKitTests";
			sourceTree = "<group>";
		};
/* End PBXGroup section */

/* Begin PBXNativeTarget section */
		761DAE162C0AAC5800184819 /* Queen-IOKit */ = {
			isa = PBXNativeTarget;
			buildConfigurationList = 761DAE262C0AAC5A00184819 /* Build configuration list for PBXNativeTarget "Queen-IOKit" */;
			buildPhases = (
				761DAE132C0AAC5800184819 /* Sources */,
				761DAE142C0AAC5800184819 /* Frameworks */,
				761DAE152C0AAC5800184819 /* Resources */,
			);
			buildRules = (
			);
			dependencies = (
			);
			name = "Queen-IOKit";
			packageProductDependencies = (
				761DAE2A2C0B8DB900184819 /* USBDeviceSwift */,
			);
			productName = "Queen-IOKit";
			productReference = 761DAE172C0AAC5800184819 /* Queen-IOKit.app */;
			productType = "com.apple.product-type.application";
		};
		761DAE5F2C0FDAEF00184819 /* Queen-IOKitTests */ = {
			isa = PBXNativeTarget;
			buildConfigurationList = 761DAE662C0FDAF000184819 /* Build configuration list for PBXNativeTarget "Queen-IOKitTests" */;
			buildPhases = (
				761DAE5C2C0FDAEF00184819 /* Sources */,
				761DAE5D2C0FDAEF00184819 /* Frameworks */,
				761DAE5E2C0FDAEF00184819 /* Resources */,
			);
			buildRules = (
			);
			dependencies = (
				761DAE652C0FDAF000184819 /* PBXTargetDependency */,
			);
			name = "Queen-IOKitTests";
			productName = "Queen-IOKitTests";
			productReference = 761DAE602C0FDAEF00184819 /* Queen-IOKitTests.xctest */;
			productType = "com.apple.product-type.bundle.unit-test";
		};
/* End PBXNativeTarget section */

/* Begin PBXProject section */
		761DAE0F2C0AAC5800184819 /* Project object */ = {
			isa = PBXProject;
			attributes = {
				BuildIndependentTargetsInParallel = 1;
				LastSwiftUpdateCheck = 1420;
				LastUpgradeCheck = 1420;
				TargetAttributes = {
					761DAE162C0AAC5800184819 = {
						CreatedOnToolsVersion = 14.2;
					};
					761DAE5F2C0FDAEF00184819 = {
						CreatedOnToolsVersion = 14.2;
						TestTargetID = 761DAE162C0AAC5800184819;
					};
				};
			};
			buildConfigurationList = 761DAE122C0AAC5800184819 /* Build configuration list for PBXProject "Queen-IOKit" */;
			compatibilityVersion = "Xcode 14.0";
			developmentRegion = en;
			hasScannedForEncodings = 0;
			knownRegions = (
				en,
				Base,
			);
			mainGroup = 761DAE0E2C0AAC5800184819;
			packageReferences = (
				761DAE292C0B8DB900184819 /* XCRemoteSwiftPackageReference "USBDeviceSwift" */,
			);
			productRefGroup = 761DAE182C0AAC5800184819 /* Products */;
			projectDirPath = "";
			projectRoot = "";
			targets = (
				761DAE162C0AAC5800184819 /* Queen-IOKit */,
				761DAE5F2C0FDAEF00184819 /* Queen-IOKitTests */,
			);
		};
/* End PBXProject section */

/* Begin PBXResourcesBuildPhase section */
		761DAE152C0AAC5800184819 /* Resources */ = {
			isa = PBXResourcesBuildPhase;
			buildActionMask = 2147483647;
			files = (
				761DAE552C0F8A1900184819 /* t8010_t8011_disable_wxn_arm64.bin in Resources */,
				761DAE502C0F8A1900184819 /* usb_0xA1_2_arm64.bin in Resources */,
				761DAE5A2C0F8A1900184819 /* limera1n-shellcode.bin in Resources */,
				761DAE542C0F8A1900184819 /* 24Kpwn-shellcode.bin in Resources */,
				761DAE562C0F8A1900184819 /* t8015_shellcode_arm64.bin in Resources */,
				761DAE592C0F8A1900184819 /* 0x8015.bin in Resources */,
				761DAE1F2C0AAC5A00184819 /* Assets.xcassets in Resources */,
				761DAE222C0AAC5A00184819 /* Main.storyboard in Resources */,
				761DAE522C0F8A1900184819 /* checkm8_armv7.bin in Resources */,
				761DAE532C0F8A1900184819 /* SHAtter-shellcode.bin in Resources */,
				761DAE432C0F89DB00184819 /* ibss-flash-nor-shellcode.bin in Resources */,
				761DAE572C0F8A1900184819 /* usb_0xA1_2_armv7.bin in Resources */,
				761DAE582C0F8A1900184819 /* alloc8-shellcode.bin in Resources */,
				761DAE512C0F8A1900184819 /* checkm8_arm64.bin in Resources */,
				761DAE5B2C0F8A1900184819 /* steaks4uce-shellcode.bin in Resources */,
			);
			runOnlyForDeploymentPostprocessing = 0;
		};
		761DAE5E2C0FDAEF00184819 /* Resources */ = {
			isa = PBXResourcesBuildPhase;
			buildActionMask = 2147483647;
			files = (
			);
			runOnlyForDeploymentPostprocessing = 0;
		};
/* End PBXResourcesBuildPhase section */

/* Begin PBXSourcesBuildPhase section */
		761DAE132C0AAC5800184819 /* Sources */ = {
			isa = PBXSourcesBuildPhase;
			buildActionMask = 2147483647;
			files = (
				761DAE2E2C0B8FE300184819 /* AppleDevice.swift in Sources */,
				761DAE302C0BBFBD00184819 /* DfuDevice.swift in Sources */,
				761DAE332C0BF34F00184819 /* Exploit.swift in Sources */,
				761DAE1D2C0AAC5800184819 /* ViewController.swift in Sources */,
				761DAE1B2C0AAC5800184819 /* AppDelegate.swift in Sources */,
				761DAE352C0CD8CB00184819 /* ExploitConfig.swift in Sources */,
				761DAE3D2C0CFF8700184819 /* StringProtocol+Queen.swift in Sources */,
			);
			runOnlyForDeploymentPostprocessing = 0;
		};
		761DAE5C2C0FDAEF00184819 /* Sources */ = {
			isa = PBXSourcesBuildPhase;
			buildActionMask = 2147483647;
			files = (
				761DAE632C0FDAF000184819 /* Queen_IOKitTests.swift in Sources */,
			);
			runOnlyForDeploymentPostprocessing = 0;
		};
/* End PBXSourcesBuildPhase section */

/* Begin PBXTargetDependency section */
		761DAE652C0FDAF000184819 /* PBXTargetDependency */ = {
			isa = PBXTargetDependency;
			target = 761DAE162C0AAC5800184819 /* Queen-IOKit */;
			targetProxy = 761DAE642C0FDAF000184819 /* PBXContainerItemProxy */;
		};
/* End PBXTargetDependency section */

/* Begin PBXVariantGroup section */
		761DAE202C0AAC5A00184819 /* Main.storyboard */ = {
			isa = PBXVariantGroup;
			children = (
				761DAE212C0AAC5A00184819 /* Base */,
			);
			name = Main.storyboard;
			sourceTree = "<group>";
		};
/* End PBXVariantGroup section */

/* Begin XCBuildConfiguration section */
		761DAE242C0AAC5A00184819 /* Debug */ = {
			isa = XCBuildConfiguration;
			buildSettings = {
				ALWAYS_SEARCH_USER_PATHS = NO;
				CLANG_ANALYZER_NONNULL = YES;
				CLANG_ANALYZER_NUMBER_OBJECT_CONVERSION = YES_AGGRESSIVE;
				CLANG_CXX_LANGUAGE_STANDARD = "gnu++20";
				CLANG_ENABLE_MODULES = YES;
				CLANG_ENABLE_OBJC_ARC = YES;
				CLANG_ENABLE_OBJC_WEAK = YES;
				CLANG_WARN_BLOCK_CAPTURE_AUTORELEASING = YES;
				CLANG_WARN_BOOL_CONVERSION = YES;
				CLANG_WARN_COMMA = YES;
				CLANG_WARN_CONSTANT_CONVERSION = YES;
				CLANG_WARN_DEPRECATED_OBJC_IMPLEMENTATIONS = YES;
				CLANG_WARN_DIRECT_OBJC_ISA_USAGE = YES_ERROR;
				CLANG_WARN_DOCUMENTATION_COMMENTS = YES;
				CLANG_WARN_EMPTY_BODY = YES;
				CLANG_WARN_ENUM_CONVERSION = YES;
				CLANG_WARN_INFINITE_RECURSION = YES;
				CLANG_WARN_INT_CONVERSION = YES;
				CLANG_WARN_NON_LITERAL_NULL_CONVERSION = YES;
				CLANG_WARN_OBJC_IMPLICIT_RETAIN_SELF = YES;
				CLANG_WARN_OBJC_LITERAL_CONVERSION = YES;
				CLANG_WARN_OBJC_ROOT_CLASS = YES_ERROR;
				CLANG_WARN_QUOTED_INCLUDE_IN_FRAMEWORK_HEADER = YES;
				CLANG_WARN_RANGE_LOOP_ANALYSIS = YES;
				CLANG_WARN_STRICT_PROTOTYPES = YES;
				CLANG_WARN_SUSPICIOUS_MOVE = YES;
				CLANG_WARN_UNGUARDED_AVAILABILITY = YES_AGGRESSIVE;
				CLANG_WARN_UNREACHABLE_CODE = YES;
				CLANG_WARN__DUPLICATE_METHOD_MATCH = YES;
				COPY_PHASE_STRIP = NO;
				DEBUG_INFORMATION_FORMAT = dwarf;
				ENABLE_STRICT_OBJC_MSGSEND = YES;
				ENABLE_TESTABILITY = YES;
				GCC_C_LANGUAGE_STANDARD = gnu11;
				GCC_DYNAMIC_NO_PIC = NO;
				GCC_NO_COMMON_BLOCKS = YES;
				GCC_OPTIMIZATION_LEVEL = 0;
				GCC_PREPROCESSOR_DEFINITIONS = (
					"DEBUG=1",
					"$(inherited)",
				);
				GCC_WARN_64_TO_32_BIT_CONVERSION = YES;
				GCC_WARN_ABOUT_RETURN_TYPE = YES_ERROR;
				GCC_WARN_UNDECLARED_SELECTOR = YES;
				GCC_WARN_UNINITIALIZED_AUTOS = YES_AGGRESSIVE;
				GCC_WARN_UNUSED_FUNCTION = YES;
				GCC_WARN_UNUSED_VARIABLE = YES;
				MACOSX_DEPLOYMENT_TARGET = 12.7;
				MTL_ENABLE_DEBUG_INFO = INCLUDE_SOURCE;
				MTL_FAST_MATH = YES;
				ONLY_ACTIVE_ARCH = YES;
				SDKROOT = macosx;
				SWIFT_ACTIVE_COMPILATION_CONDITIONS = DEBUG;
				SWIFT_OPTIMIZATION_LEVEL = "-Onone";
			};
			name = Debug;
		};
		761DAE252C0AAC5A00184819 /* Release */ = {
			isa = XCBuildConfiguration;
			buildSettings = {
				ALWAYS_SEARCH_USER_PATHS = NO;
				CLANG_ANALYZER_NONNULL = YES;
				CLANG_ANALYZER_NUMBER_OBJECT_CONVERSION = YES_AGGRESSIVE;
				CLANG_CXX_LANGUAGE_STANDARD = "gnu++20";
				CLANG_ENABLE_MODULES = YES;
				CLANG_ENABLE_OBJC_ARC = YES;
				CLANG_ENABLE_OBJC_WEAK = YES;
				CLANG_WARN_BLOCK_CAPTURE_AUTORELEASING = YES;
				CLANG_WARN_BOOL_CONVERSION = YES;
				CLANG_WARN_COMMA = YES;
				CLANG_WARN_CONSTANT_CONVERSION = YES;
				CLANG_WARN_DEPRECATED_OBJC_IMPLEMENTATIONS = YES;
				CLANG_WARN_DIRECT_OBJC_ISA_USAGE = YES_ERROR;
				CLANG_WARN_DOCUMENTATION_COMMENTS = YES;
				CLANG_WARN_EMPTY_BODY = YES;
				CLANG_WARN_ENUM_CONVERSION = YES;
				CLANG_WARN_INFINITE_RECURSION = YES;
				CLANG_WARN_INT_CONVERSION = YES;
				CLANG_WARN_NON_LITERAL_NULL_CONVERSION = YES;
				CLANG_WARN_OBJC_IMPLICIT_RETAIN_SELF = YES;
				CLANG_WARN_OBJC_LITERAL_CONVERSION = YES;
				CLANG_WARN_OBJC_ROOT_CLASS = YES_ERROR;
				CLANG_WARN_QUOTED_INCLUDE_IN_FRAMEWORK_HEADER = YES;
				CLANG_WARN_RANGE_LOOP_ANALYSIS = YES;
				CLANG_WARN_STRICT_PROTOTYPES = YES;
				CLANG_WARN_SUSPICIOUS_MOVE = YES;
				CLANG_WARN_UNGUARDED_AVAILABILITY = YES_AGGRESSIVE;
				CLANG_WARN_UNREACHABLE_CODE = YES;
				CLANG_WARN__DUPLICATE_METHOD_MATCH = YES;
				COPY_PHASE_STRIP = NO;
				DEBUG_INFORMATION_FORMAT = "dwarf-with-dsym";
				ENABLE_NS_ASSERTIONS = NO;
				ENABLE_STRICT_OBJC_MSGSEND = YES;
				GCC_C_LANGUAGE_STANDARD = gnu11;
				GCC_NO_COMMON_BLOCKS = YES;
				GCC_WARN_64_TO_32_BIT_CONVERSION = YES;
				GCC_WARN_ABOUT_RETURN_TYPE = YES_ERROR;
				GCC_WARN_UNDECLARED_SELECTOR = YES;
				GCC_WARN_UNINITIALIZED_AUTOS = YES_AGGRESSIVE;
				GCC_WARN_UNUSED_FUNCTION = YES;
				GCC_WARN_UNUSED_VARIABLE = YES;
				MACOSX_DEPLOYMENT_TARGET = 12.7;
				MTL_ENABLE_DEBUG_INFO = NO;
				MTL_FAST_MATH = YES;
				SDKROOT = macosx;
				SWIFT_COMPILATION_MODE = wholemodule;
				SWIFT_OPTIMIZATION_LEVEL = "-O";
			};
			name = Release;
		};
		761DAE272C0AAC5A00184819 /* Debug */ = {
			isa = XCBuildConfiguration;
			buildSettings = {
				ASSETCATALOG_COMPILER_APPICON_NAME = AppIcon;
				ASSETCATALOG_COMPILER_GLOBAL_ACCENT_COLOR_NAME = AccentColor;
				CODE_SIGN_ENTITLEMENTS = "Queen-IOKit/Queen_IOKit.entitlements";
				"CODE_SIGN_IDENTITY[sdk=macosx*]" = "Apple Development";
				CODE_SIGN_STYLE = Automatic;
				COMBINE_HIDPI_IMAGES = YES;
				CURRENT_PROJECT_VERSION = 1;
				DEVELOPMENT_TEAM = L2HNWVG9WM;
				ENABLE_HARDENED_RUNTIME = YES;
				GENERATE_INFOPLIST_FILE = YES;
				INFOPLIST_KEY_NSHumanReadableCopyright = "";
				INFOPLIST_KEY_NSMainStoryboardFile = Main;
				INFOPLIST_KEY_NSPrincipalClass = NSApplication;
				LD_RUNPATH_SEARCH_PATHS = (
					"$(inherited)",
					"@executable_path/../Frameworks",
				);
				MACOSX_DEPLOYMENT_TARGET = 11.0;
				MARKETING_VERSION = 1.0;
				PRODUCT_BUNDLE_IDENTIFIER = "com.cookierw.Queen-IOKit";
				PRODUCT_NAME = "$(TARGET_NAME)";
				SWIFT_EMIT_LOC_STRINGS = YES;
				SWIFT_VERSION = 5.0;
			};
			name = Debug;
		};
		761DAE282C0AAC5A00184819 /* Release */ = {
			isa = XCBuildConfiguration;
			buildSettings = {
				ASSETCATALOG_COMPILER_APPICON_NAME = AppIcon;
				ASSETCATALOG_COMPILER_GLOBAL_ACCENT_COLOR_NAME = AccentColor;
				CODE_SIGN_ENTITLEMENTS = "Queen-IOKit/Queen_IOKit.entitlements";
				"CODE_SIGN_IDENTITY[sdk=macosx*]" = "Apple Development";
				CODE_SIGN_STYLE = Automatic;
				COMBINE_HIDPI_IMAGES = YES;
				CURRENT_PROJECT_VERSION = 1;
				DEVELOPMENT_TEAM = L2HNWVG9WM;
				ENABLE_HARDENED_RUNTIME = YES;
				GENERATE_INFOPLIST_FILE = YES;
				INFOPLIST_KEY_NSHumanReadableCopyright = "";
				INFOPLIST_KEY_NSMainStoryboardFile = Main;
				INFOPLIST_KEY_NSPrincipalClass = NSApplication;
				LD_RUNPATH_SEARCH_PATHS = (
					"$(inherited)",
					"@executable_path/../Frameworks",
				);
				MACOSX_DEPLOYMENT_TARGET = 11.0;
				MARKETING_VERSION = 1.0;
				PRODUCT_BUNDLE_IDENTIFIER = "com.cookierw.Queen-IOKit";
				PRODUCT_NAME = "$(TARGET_NAME)";
				SWIFT_EMIT_LOC_STRINGS = YES;
				SWIFT_VERSION = 5.0;
			};
			name = Release;
		};
		761DAE672C0FDAF000184819 /* Debug */ = {
			isa = XCBuildConfiguration;
			buildSettings = {
				BUNDLE_LOADER = "$(TEST_HOST)";
				CODE_SIGN_STYLE = Automatic;
				CURRENT_PROJECT_VERSION = 1;
				DEVELOPMENT_TEAM = L2HNWVG9WM;
				GENERATE_INFOPLIST_FILE = YES;
				IPHONEOS_DEPLOYMENT_TARGET = 16.2;
				MACOSX_DEPLOYMENT_TARGET = 12.7;
				MARKETING_VERSION = 1.0;
				PRODUCT_BUNDLE_IDENTIFIER = "com.cookierw.Queen-IOKitTests";
				PRODUCT_NAME = "$(TARGET_NAME)";
				SDKROOT = auto;
				SUPPORTED_PLATFORMS = macosx;
				SWIFT_EMIT_LOC_STRINGS = NO;
				SWIFT_VERSION = 5.0;
				TARGETED_DEVICE_FAMILY = "1,2";
				TEST_HOST = "$(BUILT_PRODUCTS_DIR)/Queen-IOKit.app/$(BUNDLE_EXECUTABLE_FOLDER_PATH)/Queen-IOKit";
			};
			name = Debug;
		};
		761DAE682C0FDAF000184819 /* Release */ = {
			isa = XCBuildConfiguration;
			buildSettings = {
				BUNDLE_LOADER = "$(TEST_HOST)";
				CODE_SIGN_STYLE = Automatic;
				CURRENT_PROJECT_VERSION = 1;
				DEVELOPMENT_TEAM = L2HNWVG9WM;
				GENERATE_INFOPLIST_FILE = YES;
				IPHONEOS_DEPLOYMENT_TARGET = 16.2;
				MACOSX_DEPLOYMENT_TARGET = 12.7;
				MARKETING_VERSION = 1.0;
				PRODUCT_BUNDLE_IDENTIFIER = "com.cookierw.Queen-IOKitTests";
				PRODUCT_NAME = "$(TARGET_NAME)";
				SDKROOT = auto;
				SUPPORTED_PLATFORMS = macosx;
				SWIFT_EMIT_LOC_STRINGS = NO;
				SWIFT_VERSION = 5.0;
				TARGETED_DEVICE_FAMILY = "1,2";
				TEST_HOST = "$(BUILT_PRODUCTS_DIR)/Queen-IOKit.app/$(BUNDLE_EXECUTABLE_FOLDER_PATH)/Queen-IOKit";
			};
			name = Release;
		};
/* End XCBuildConfiguration section */

/* Begin XCConfigurationList section */
		761DAE122C0AAC5800184819 /* Build configuration list for PBXProject "Queen-IOKit" */ = {
			isa = XCConfigurationList;
			buildConfigurations = (
				761DAE242C0AAC5A00184819 /* Debug */,
				761DAE252C0AAC5A00184819 /* Release */,
			);
			defaultConfigurationIsVisible = 0;
			defaultConfigurationName = Release;
		};
		761DAE262C0AAC5A00184819 /* Build configuration list for PBXNativeTarget "Queen-IOKit" */ = {
			isa = XCConfigurationList;
			buildConfigurations = (
				761DAE272C0AAC5A00184819 /* Debug */,
				761DAE282C0AAC5A00184819 /* Release */,
			);
			defaultConfigurationIsVisible = 0;
			defaultConfigurationName = Release;
		};
		761DAE662C0FDAF000184819 /* Build configuration list for PBXNativeTarget "Queen-IOKitTests" */ = {
			isa = XCConfigurationList;
			buildConfigurations = (
				761DAE672C0FDAF000184819 /* Debug */,
				761DAE682C0FDAF000184819 /* Release */,
			);
			defaultConfigurationIsVisible = 0;
			defaultConfigurationName = Release;
		};
/* End XCConfigurationList section */

/* Begin XCRemoteSwiftPackageReference section */
		761DAE292C0B8DB900184819 /* XCRemoteSwiftPackageReference "USBDeviceSwift" */ = {
			isa = XCRemoteSwiftPackageReference;
			repositoryURL = "https://github.com/Arti3DPlayer/USBDeviceSwift.git";
			requirement = {
				branch = master;
				kind = branch;
			};
		};
/* End XCRemoteSwiftPackageReference section */

/* Begin XCSwiftPackageProductDependency section */
		761DAE2A2C0B8DB900184819 /* USBDeviceSwift */ = {
			isa = XCSwiftPackageProductDependency;
			package = 761DAE292C0B8DB900184819 /* XCRemoteSwiftPackageReference "USBDeviceSwift" */;
			productName = USBDeviceSwift;
		};
/* End XCSwiftPackageProductDependency section */
	};
	rootObject = 761DAE0F2C0AAC5800184819 /* Project object */;
}
